
Microsoft Visual Studio Solution File, Format Version 12.00
# Visual Studio Version 17
VisualStudioVersion = 17.1.32421.90
MinimumVisualStudioVersion = 10.0.40219.1
Project("{9A19103F-16F7-4668-BE54-9A1E7A4F7556}") = "SmartWatts.Server", "SmartWatts\Server\SmartWatts.Server.csproj", "{BDA09157-ADD8-4C26-ABA7-D1D0CC3C4297}"
EndProject
Project("{9A19103F-16F7-4668-BE54-9A1E7A4F7556}") = "SmartWatts.Client", "SmartWatts\Client\SmartWatts.Client.csproj", "{9E79CA61-A6B1-4AAE-B1B7-426772A80EE3}"
EndProject
Project("{9A19103F-16F7-4668-BE54-9A1E7A4F7556}") = "SmartWatts.Shared", "SmartWatts\Shared\SmartWatts.Shared.csproj", "{AE6B1F83-E7F2-4888-855A-2F33A3F62F45}"
EndProject
Global
	GlobalSection(SolutionConfigurationPlatforms) = preSolution
		Debug|Any CPU = Debug|Any CPU
		Release|Any CPU = Release|Any CPU
	EndGlobalSection
	GlobalSection(ProjectConfigurationPlatforms) = postSolution
		{BDA09157-ADD8-4C26-ABA7-D1D0CC3C4297}.Debug|Any CPU.ActiveCfg = Debug|Any CPU
		{BDA09157-ADD8-4C26-ABA7-D1D0CC3C4297}.Debug|Any CPU.Build.0 = Debug|Any CPU
		{BDA09157-ADD8-4C26-ABA7-D1D0CC3C4297}.Release|Any CPU.ActiveCfg = Release|Any CPU
		{BDA09157-ADD8-4C26-ABA7-D1D0CC3C4297}.Release|Any CPU.Build.0 = Release|Any CPU
		{9E79CA61-A6B1-4AAE-B1B7-426772A80EE3}.Debug|Any CPU.ActiveCfg = Debug|Any CPU
		{9E79CA61-A6B1-4AAE-B1B7-426772A80EE3}.Debug|Any CPU.Build.0 = Debug|Any CPU
		{9E79CA61-A6B1-4AAE-B1B7-426772A80EE3}.Release|Any CPU.ActiveCfg = Release|Any CPU
		{9E79CA61-A6B1-4AAE-B1B7-426772A80EE3}.Release|Any CPU.Build.0 = Release|Any CPU
		{AE6B1F83-E7F2-4888-855A-2F33A3F62F45}.Debug|Any CPU.ActiveCfg = Debug|Any CPU
		{AE6B1F83-E7F2-4888-855A-2F33A3F62F45}.Debug|Any CPU.Build.0 = Debug|Any CPU
		{AE6B1F83-E7F2-4888-855A-2F33A3F62F45}.Release|Any CPU.ActiveCfg = Release|Any CPU
		{AE6B1F83-E7F2-4888-855A-2F33A3F62F45}.Release|Any CPU.Build.0 = Release|Any CPU
	EndGlobalSection
	GlobalSection(SolutionProperties) = preSolution
		HideSolutionNode = FALSE
	EndGlobalSection
	GlobalSection(ExtensibilityGlobals) = postSolution
		SolutionGuid = {9413E30E-04BF-4F28-BD8B-3AD66DC125B8}
	EndGlobalSection
EndGlobal
